{
  "version": 2,
  "dependencies": {
    ".NETFramework,Version=v4.7.2": {
      "Meziantou.Analyzer": {
        "type": "Direct",
        "requested": "[3.0.177, )",
        "resolved": "3.0.177",
        "contentHash": "Un9RDShcg4kaNiQtNJvNaRQU5ogcFCB6YLSL2TLx49hmLSU+vd6YixciWxWmoKIOdGvPV27dqHHFIBm8qd5U1Q=="
      },
      "Microsoft.CodeAnalysis.BannedApiAnalyzers": {
        "type": "Direct",
        "requested": "[5.6.0, )",
        "resolved": "5.6.0",
        "contentHash": "Kcobt3pnOdO0A+6CKiMHZdTEluJpsfxiV20axtZdmfBQnDmiWTKPJADlgAfdTuKNAnVarrkJa0UEGwuOo91muw=="
      },
      "Microsoft.Extensions.StaticAnalysis": {
        "type": "Direct",
        "requested": "[10.9.0, )",
        "resolved": "10.9.0",
        "contentHash": "nr/qlyyeJI+NTEQ9DbWBwK0bZcmztw9N6lIwhKlANaZLH/LGf5G1T2kgOcPyE/w9viYu/+54gq/J8p8zpbKyAg==",
        "dependencies": {
          "Microsoft.VisualStudio.Threading.Analyzers": "17.14.15",
          "SonarAnalyzer.CSharp": "10.16.0.128591"
        }
      },
      "PowerShellStandard.Library": {
        "type": "Direct",
        "requested": "[5.1.1, )",
        "resolved": "5.1.1",
        "contentHash": "e31xJjG+Kjbv6YF3Yq6D4Dl3or8v7LrNF41k3CXrWozW6hR1zcOe5KYuZJaGSiAgLnwP8wcW+I3+IWEzMPZKXQ=="
      },
      "Roslynator.Analyzers": {
        "type": "Direct",
        "requested": "[5.0.0, )",
        "resolved": "5.0.0",
        "contentHash": "+J5kR/naCd62IwY2BG9P0QoHnJM8liBUFFAk6jga1t9s61JC3M+ofb3AY3wc73/pdROyKFCURqctQh8WRCIT/w=="
      },
      "Microsoft.Bcl.AsyncInterfaces": {
        "type": "Transitive",
        "resolved": "10.0.5",
        "contentHash": "hQB3Hq1LlF0NkGVNyZIvwIQIY3LM7Cw1oYjNiTvdNqmzzipVAWEK1c5sj2H5aFX0udnjgPLxSYKq2fupueS8ow==",
        "dependencies": {
          "System.Threading.Tasks.Extensions": "4.6.3"
        }
      },
      "Microsoft.Bcl.Memory": {
        "type": "Transitive",
        "resolved": "10.0.5",
        "contentHash": "odTrIyDJPgqCKEo6sOOfMzh0TaPufY/SLHrrMkqGlxGWVc5NQbZD5h1fxf/Q+PrGnhct5VWmmfKREA4h6JtTng==",
        "dependencies": {
          "System.Memory": "4.6.3",
          "System.Runtime.CompilerServices.Unsafe": "6.1.2",
          "System.ValueTuple": "4.6.1"
        }
      },
      "Microsoft.VisualStudio.Threading.Analyzers": {
        "type": "Transitive",
        "resolved": "17.14.15",
        "contentHash": "mXQPJsbuUD2ydq4/ffd8h8tSOFCXec+2xJOVNCvXjuMOq/+5EKHq3D2m2MC2+nUaXeFMSt66VS/J4HdKBixgcw=="
      },
      "SonarAnalyzer.CSharp": {
        "type": "Transitive",
        "resolved": "10.16.0.128591",
        "contentHash": "W/jZGbsMFvnTY112Ab2WZArzWtkGQuMrQdromFpDak+GO/DKcgn4O2tTun/fQgDBpnQJOyyTdzQrQPzPJ544jg=="
      },
      "System.Buffers": {
        "type": "Transitive",
        "resolved": "4.6.1",
        "contentHash": "N8GXpmiLMtljq7gwvyS+1QvKT/W2J8sNAvx+HVg4NGmsG/H+2k/y9QI23auLJRterrzCiDH+IWAw4V/GPwsMlw=="
      },
      "System.Numerics.Vectors": {
        "type": "Transitive",
        "resolved": "4.6.1",
        "contentHash": "sQxefTnhagrhoq2ReR0D/6K0zJcr9Hrd6kikeXsA1I8kOCboTavcUC4r7TSfpKFeE163uMuxZcyfO1mGO3EN8Q=="
      },
      "System.Threading.Tasks.Extensions": {
        "type": "Transitive",
        "resolved": "4.6.3",
        "contentHash": "7sCiwilJLYbTZELaKnc7RecBBXWXA+xMLQWZKWawBxYjp6DBlSE3v9/UcvKBvr1vv2tTOhipiogM8rRmxlhrVA==",
        "dependencies": {
          "System.Runtime.CompilerServices.Unsafe": "6.1.2"
        }
      },
      "System.ValueTuple": {
        "type": "Transitive",
        "resolved": "4.6.1",
        "contentHash": "+RJT4qaekpZ7DDLhf+LTjq+E48jieKiY9ulJ+BoxKmZblIJfIJT8Ufcaa/clQqnYvWs8jugfGSMu8ylS0caG0w=="
      },
      "psadt": {
        "type": "Project",
        "dependencies": {
          "PSADT.Interop": "[1.0.0, )",
          "System.IO.Packaging": "[8.0.1, 9.0.0)"
        }
      },
      "psadt.interop": {
        "type": "Project",
        "dependencies": {
          "System.Collections.Immutable": "[10.0.11, )",
          "System.Linq.AsyncEnumerable": "[10.0.5, 10.0.6)",
          "System.Memory": "[4.6.3, )",
          "System.Runtime.CompilerServices.Unsafe": "[6.1.2, )"
        }
      },
      "System.Collections.Immutable": {
        "type": "CentralTransitive",
        "requested": "[10.0.11, )",
        "resolved": "10.0.11",
        "contentHash": "BQY956wwWSjRDoOspL6L1JscbFoSgJK606mO3PYalBHIZRV+Sc2xokvR/NHLlpUEfju6EbW5GbKbNpVYQ65cLw==",
        "dependencies": {
          "System.Memory": "4.6.3",
          "System.Runtime.CompilerServices.Unsafe": "6.1.2"
        }
      },
      "System.IO.Packaging": {
        "type": "CentralTransitive",
        "requested": "[8.0.1, 9.0.0)",
        "resolved": "8.0.1",
        "contentHash": "KYkIOAvPexQOLDxPO2g0BVoWInnQhPpkFzRqvNrNrMhVT6kqhVr0zEb6KCHlptLFukxnZrjuMVAnxK7pOGUYrw=="
      },
      "System.Linq.AsyncEnumerable": {
        "type": "CentralTransitive",
        "requested": "[10.0.5, 10.0.6)",
        "resolved": "10.0.5",
        "contentHash": "00y94lP/SeWF5VMb8GlG3iwLyl7abEofwN+Bke1LKEkvsB8dEtr/pDtn4EWQYkvg49UwGJN+JSCE1gKhPIT0cQ==",
        "dependencies": {
          "Microsoft.Bcl.AsyncInterfaces": "10.0.5",
          "Microsoft.Bcl.Memory": "10.0.5",
          "System.Threading.Tasks.Extensions": "4.6.3",
          "System.ValueTuple": "4.6.1"
        }
      },
      "System.Memory": {
        "type": "CentralTransitive",
        "requested": "[4.6.3, )",
        "resolved": "4.6.3",
        "contentHash": "qdcDOgnFZY40+Q9876JUHnlHu7bosOHX8XISRoH94fwk6hgaeQGSgfZd8srWRZNt5bV9ZW2TljcegDNxsf+96A==",
        "dependencies": {
          "System.Buffers": "4.6.1",
          "System.Numerics.Vectors": "4.6.1",
          "System.Runtime.CompilerServices.Unsafe": "6.1.2"
        }
      },
      "System.Runtime.CompilerServices.Unsafe": {
        "type": "CentralTransitive",
        "requested": "[6.1.2, )",
        "resolved": "6.1.2",
        "contentHash": "2hBr6zdbIBTDE3EhK7NSVNdX58uTK6iHW/P/Axmm9sl1xoGSLqDvMtpecn226TNwHByFokYwJmt/aQQNlO5CRw=="
      }
    },
    ".NETFramework,Version=v4.7.2/win-x64": {},
    "net8.0": {
      "Meziantou.Analyzer": {
        "type": "Direct",
        "requested": "[3.0.177, )",
        "resolved": "3.0.177",
        "contentHash": "Un9RDShcg4kaNiQtNJvNaRQU5ogcFCB6YLSL2TLx49hmLSU+vd6YixciWxWmoKIOdGvPV27dqHHFIBm8qd5U1Q=="
      },
      "Microsoft.CodeAnalysis.BannedApiAnalyzers": {
        "type": "Direct",
        "requested": "[5.6.0, )",
        "resolved": "5.6.0",
        "contentHash": "Kcobt3pnOdO0A+6CKiMHZdTEluJpsfxiV20axtZdmfBQnDmiWTKPJADlgAfdTuKNAnVarrkJa0UEGwuOo91muw=="
      },
      "Microsoft.Extensions.StaticAnalysis": {
        "type": "Direct",
        "requested": "[10.9.0, )",
        "resolved": "10.9.0",
        "contentHash": "nr/qlyyeJI+NTEQ9DbWBwK0bZcmztw9N6lIwhKlANaZLH/LGf5G1T2kgOcPyE/w9viYu/+54gq/J8p8zpbKyAg==",
        "dependencies": {
          "Microsoft.VisualStudio.Threading.Analyzers": "17.14.15",
          "SonarAnalyzer.CSharp": "10.16.0.128591"
        }
      },
      "PowerShellStandard.Library": {
        "type": "Direct",
        "requested": "[5.1.1, )",
        "resolved": "5.1.1",
        "contentHash": "e31xJjG+Kjbv6YF3Yq6D4Dl3or8v7LrNF41k3CXrWozW6hR1zcOe5KYuZJaGSiAgLnwP8wcW+I3+IWEzMPZKXQ=="
      },
      "Roslynator.Analyzers": {
        "type": "Direct",
        "requested": "[5.0.0, )",
        "resolved": "5.0.0",
        "contentHash": "+J5kR/naCd62IwY2BG9P0QoHnJM8liBUFFAk6jga1t9s61JC3M+ofb3AY3wc73/pdROyKFCURqctQh8WRCIT/w=="
      },
      "Microsoft.VisualStudio.Threading.Analyzers": {
        "type": "Transitive",
        "resolved": "17.14.15",
        "contentHash": "mXQPJsbuUD2ydq4/ffd8h8tSOFCXec+2xJOVNCvXjuMOq/+5EKHq3D2m2MC2+nUaXeFMSt66VS/J4HdKBixgcw=="
      },
      "SonarAnalyzer.CSharp": {
        "type": "Transitive",
        "resolved": "10.16.0.128591",
        "contentHash": "W/jZGbsMFvnTY112Ab2WZArzWtkGQuMrQdromFpDak+GO/DKcgn4O2tTun/fQgDBpnQJOyyTdzQrQPzPJ544jg=="
      },
      "System.Diagnostics.EventLog": {
        "type": "Transitive",
        "resolved": "8.0.1",
        "contentHash": "n1ZP7NM2Gkn/MgD8+eOT5MulMj6wfeQMNS2Pizvq5GHCZfjlFMXV2irQlQmJhwA2VABC57M0auudO89Iu2uRLg=="
      },
      "psadt": {
        "type": "Project",
        "dependencies": {
          "PSADT.Interop": "[1.0.0, )",
          "System.IO.Packaging": "[8.0.1, 9.0.0)",
          "System.ServiceProcess.ServiceController": "[8.0.1, 9.0.0)"
        }
      },
      "psadt.interop": {
        "type": "Project",
        "dependencies": {
          "System.Linq.AsyncEnumerable": "[10.0.5, 10.0.6)"
        }
      },
      "System.IO.Packaging": {
        "type": "CentralTransitive",
        "requested": "[8.0.1, 9.0.0)",
        "resolved": "8.0.1",
        "contentHash": "KYkIOAvPexQOLDxPO2g0BVoWInnQhPpkFzRqvNrNrMhVT6kqhVr0zEb6KCHlptLFukxnZrjuMVAnxK7pOGUYrw=="
      },
      "System.Linq.AsyncEnumerable": {
        "type": "CentralTransitive",
        "requested": "[10.0.5, 10.0.6)",
        "resolved": "10.0.5",
        "contentHash": "00y94lP/SeWF5VMb8GlG3iwLyl7abEofwN+Bke1LKEkvsB8dEtr/pDtn4EWQYkvg49UwGJN+JSCE1gKhPIT0cQ=="
      },
      "System.ServiceProcess.ServiceController": {
        "type": "CentralTransitive",
        "requested": "[8.0.1, 9.0.0)",
        "resolved": "8.0.1",
        "contentHash": "02I0BXo1kmMBgw03E8Hu4K6nTqur4wpQdcDZrndczPzY2fEoGvlinE35AWbyzLZ2h2IksEZ6an4tVt3hi9j1oA==",
        "dependencies": {
          "System.Diagnostics.EventLog": "8.0.1"
        }
      }
    },
    "net8.0/win-x64": {
      "System.Diagnostics.EventLog": {
        "type": "Transitive",
        "resolved": "8.0.1",
        "contentHash": "n1ZP7NM2Gkn/MgD8+eOT5MulMj6wfeQMNS2Pizvq5GHCZfjlFMXV2irQlQmJhwA2VABC57M0auudO89Iu2uRLg=="
      },
      "System.ServiceProcess.ServiceController": {
        "type": "CentralTransitive",
        "requested": "[8.0.1, 9.0.0)",
        "resolved": "8.0.1",
        "contentHash": "02I0BXo1kmMBgw03E8Hu4K6nTqur4wpQdcDZrndczPzY2fEoGvlinE35AWbyzLZ2h2IksEZ6an4tVt3hi9j1oA==",
        "dependencies": {
          "System.Diagnostics.EventLog": "8.0.1"
        }
      }
    }
  }
}