Microsoft Visual Studio Solution File, Format Version 12.00
# Visual Studio Version 17
VisualStudioVersion = 17.10.35013.160
MinimumVisualStudioVersion = 10.0.40219.1
Project("{FAE04EC0-301F-11D3-BF4B-00C04F79EFBC}") = "PSADT.Invoke-AppDeployToolkit", "PSADT.Invoke\PSADT.Invoke-AppDeployToolkit.csproj", "{BBB137BE-D8A2-4781-B393-B92D7F47FD77}"
EndProject
Global
	GlobalSection(SolutionConfigurationPlatforms) = preSolution
		Debug|Any CPU = Debug|Any CPU
		Release|Any CPU = Release|Any CPU
	EndGlobalSection
	GlobalSection(ProjectConfigurationPlatforms) = postSolution
		{BBB137BE-D8A2-4781-B393-B92D7F47FD77}.Debug|Any CPU.ActiveCfg = Debug|Any CPU
		{BBB137BE-D8A2-4781-B393-B92D7F47FD77}.Debug|Any CPU.Build.0 = Debug|Any CPU
		{BBB137BE-D8A2-4781-B393-B92D7F47FD77}.Release|Any CPU.ActiveCfg = Release|Any CPU
		{BBB137BE-D8A2-4781-B393-B92D7F47FD77}.Release|Any CPU.Build.0 = Release|Any CPU
	EndGlobalSection
	GlobalSection(SolutionProperties) = preSolution
		HideSolutionNode = FALSE
	EndGlobalSection
	GlobalSection(ExtensibilityGlobals) = postSolution
		SolutionGuid = {870F187E-7622-49A2-9E1B-8ED8D5F9F7A8}
	EndGlobalSection
EndGlobal
