{
  "version": 2,
  "dependencies": {
    ".NETFramework,Version=v4.7.2": {
      "Meziantou.Analyzer": {
        "type": "Direct",
        "requested": "[3.0.177, )",
        "resolved": "3.0.177",
        "contentHash": "Un9RDShcg4kaNiQtNJvNaRQU5ogcFCB6YLSL2TLx49hmLSU+vd6YixciWxWmoKIOdGvPV27dqHHFIBm8qd5U1Q=="
      },
      "Meziantou.Polyfill": {
        "type": "Direct",
        "requested": "[1.0.163, )",
        "resolved": "1.0.163",
        "contentHash": "xNULkbt82BERFYqZ5bFHsDfRE9ywmBvlvxrW4j6UxrcUyPq3dtCpv3HVciuGjZqM3KxZoIx50N0Xb8XOGZiVHw=="
      },
      "Microsoft.CodeAnalysis.BannedApiAnalyzers": {
        "type": "Direct",
        "requested": "[5.6.0, )",
        "resolved": "5.6.0",
        "contentHash": "Kcobt3pnOdO0A+6CKiMHZdTEluJpsfxiV20axtZdmfBQnDmiWTKPJADlgAfdTuKNAnVarrkJa0UEGwuOo91muw=="
      },
      "Microsoft.Extensions.StaticAnalysis": {
        "type": "Direct",
        "requested": "[10.9.0, )",
        "resolved": "10.9.0",
        "contentHash": "nr/qlyyeJI+NTEQ9DbWBwK0bZcmztw9N6lIwhKlANaZLH/LGf5G1T2kgOcPyE/w9viYu/+54gq/J8p8zpbKyAg==",
        "dependencies": {
          "Microsoft.VisualStudio.Threading.Analyzers": "17.14.15",
          "SonarAnalyzer.CSharp": "10.16.0.128591"
        }
      },
      "Roslynator.Analyzers": {
        "type": "Direct",
        "requested": "[5.0.0, )",
        "resolved": "5.0.0",
        "contentHash": "+J5kR/naCd62IwY2BG9P0QoHnJM8liBUFFAk6jga1t9s61JC3M+ofb3AY3wc73/pdROyKFCURqctQh8WRCIT/w=="
      },
      "Microsoft.VisualStudio.Threading.Analyzers": {
        "type": "Transitive",
        "resolved": "17.14.15",
        "contentHash": "mXQPJsbuUD2ydq4/ffd8h8tSOFCXec+2xJOVNCvXjuMOq/+5EKHq3D2m2MC2+nUaXeFMSt66VS/J4HdKBixgcw=="
      },
      "SonarAnalyzer.CSharp": {
        "type": "Transitive",
        "resolved": "10.16.0.128591",
        "contentHash": "W/jZGbsMFvnTY112Ab2WZArzWtkGQuMrQdromFpDak+GO/DKcgn4O2tTun/fQgDBpnQJOyyTdzQrQPzPJ544jg=="
      },
      "System.Buffers": {
        "type": "Transitive",
        "resolved": "4.6.1",
        "contentHash": "N8GXpmiLMtljq7gwvyS+1QvKT/W2J8sNAvx+HVg4NGmsG/H+2k/y9QI23auLJRterrzCiDH+IWAw4V/GPwsMlw=="
      },
      "System.Numerics.Vectors": {
        "type": "Transitive",
        "resolved": "4.6.1",
        "contentHash": "sQxefTnhagrhoq2ReR0D/6K0zJcr9Hrd6kikeXsA1I8kOCboTavcUC4r7TSfpKFeE163uMuxZcyfO1mGO3EN8Q=="
      },
      "System.ValueTuple": {
        "type": "Transitive",
        "resolved": "4.6.2",
        "contentHash": "yQgmjfFximrNm9LIV3mL6T5MzjeC+epeE5rl4hXxAlYmxby7RM1dPSkIKXk9HNkl6G54h2JHOmLD46+Pey+IRg=="
      },
      "fluence.wpf": {
        "type": "Project",
        "dependencies": {
          "Microsoft.Bcl.Memory": "[10.0.11, )",
          "System.Memory": "[4.6.3, )",
          "System.Runtime.CompilerServices.Unsafe": "[6.1.2, )"
        }
      },
      "Microsoft.Bcl.Memory": {
        "type": "CentralTransitive",
        "requested": "[10.0.11, )",
        "resolved": "10.0.11",
        "contentHash": "gOK5j94niQhCvUXA5sXn/h4khL0ZHPlKZx//SJ9pwuydpWSDIPBpduLWty5MYMEJkWs/ewYbG1LAqfPLOprDgg==",
        "dependencies": {
          "System.Memory": "4.6.3",
          "System.Runtime.CompilerServices.Unsafe": "6.1.2",
          "System.ValueTuple": "4.6.2"
        }
      },
      "System.Memory": {
        "type": "CentralTransitive",
        "requested": "[4.6.3, )",
        "resolved": "4.6.3",
        "contentHash": "qdcDOgnFZY40+Q9876JUHnlHu7bosOHX8XISRoH94fwk6hgaeQGSgfZd8srWRZNt5bV9ZW2TljcegDNxsf+96A==",
        "dependencies": {
          "System.Buffers": "4.6.1",
          "System.Numerics.Vectors": "4.6.1",
          "System.Runtime.CompilerServices.Unsafe": "6.1.2"
        }
      },
      "System.Runtime.CompilerServices.Unsafe": {
        "type": "CentralTransitive",
        "requested": "[6.1.2, )",
        "resolved": "6.1.2",
        "contentHash": "2hBr6zdbIBTDE3EhK7NSVNdX58uTK6iHW/P/Axmm9sl1xoGSLqDvMtpecn226TNwHByFokYwJmt/aQQNlO5CRw=="
      }
    },
    "net10.0-windows10.0.26100": {
      "Meziantou.Analyzer": {
        "type": "Direct",
        "requested": "[3.0.177, )",
        "resolved": "3.0.177",
        "contentHash": "Un9RDShcg4kaNiQtNJvNaRQU5ogcFCB6YLSL2TLx49hmLSU+vd6YixciWxWmoKIOdGvPV27dqHHFIBm8qd5U1Q=="
      },
      "Microsoft.CodeAnalysis.BannedApiAnalyzers": {
        "type": "Direct",
        "requested": "[5.6.0, )",
        "resolved": "5.6.0",
        "contentHash": "Kcobt3pnOdO0A+6CKiMHZdTEluJpsfxiV20axtZdmfBQnDmiWTKPJADlgAfdTuKNAnVarrkJa0UEGwuOo91muw=="
      },
      "Microsoft.Extensions.StaticAnalysis": {
        "type": "Direct",
        "requested": "[10.9.0, )",
        "resolved": "10.9.0",
        "contentHash": "nr/qlyyeJI+NTEQ9DbWBwK0bZcmztw9N6lIwhKlANaZLH/LGf5G1T2kgOcPyE/w9viYu/+54gq/J8p8zpbKyAg==",
        "dependencies": {
          "Microsoft.VisualStudio.Threading.Analyzers": "17.14.15",
          "SonarAnalyzer.CSharp": "10.16.0.128591"
        }
      },
      "Roslynator.Analyzers": {
        "type": "Direct",
        "requested": "[5.0.0, )",
        "resolved": "5.0.0",
        "contentHash": "+J5kR/naCd62IwY2BG9P0QoHnJM8liBUFFAk6jga1t9s61JC3M+ofb3AY3wc73/pdROyKFCURqctQh8WRCIT/w=="
      },
      "Microsoft.VisualStudio.Threading.Analyzers": {
        "type": "Transitive",
        "resolved": "17.14.15",
        "contentHash": "mXQPJsbuUD2ydq4/ffd8h8tSOFCXec+2xJOVNCvXjuMOq/+5EKHq3D2m2MC2+nUaXeFMSt66VS/J4HdKBixgcw=="
      },
      "SonarAnalyzer.CSharp": {
        "type": "Transitive",
        "resolved": "10.16.0.128591",
        "contentHash": "W/jZGbsMFvnTY112Ab2WZArzWtkGQuMrQdromFpDak+GO/DKcgn4O2tTun/fQgDBpnQJOyyTdzQrQPzPJ544jg=="
      },
      "fluence.wpf": {
        "type": "Project"
      }
    }
  }
}