
Microsoft Visual Studio Solution File, Format Version 12.00
# Visual Studio Version 17
VisualStudioVersion = 17.2.32314.265
MinimumVisualStudioVersion = 10.0.40219.1
Project("{2150E333-8FDC-42A3-9474-1A3956D46DE8}") = "Solution Items", "Solution Items", "{1387DCAB-42A4-4F47-9E85-16998E2D9C71}"
	ProjectSection(SolutionItems) = preProject
		source\.editorconfig = source\.editorconfig
		source\Directory.Build.props = source\Directory.Build.props
		source\Directory.Build.targets = source\Directory.Build.targets
		README.md = README.md
	EndProjectSection
EndProject
Project("{2150E333-8FDC-42A3-9474-1A3956D46DE8}") = "Samples", "Samples", "{A96F98E9-18B5-4863-8F28-9B7BDF70A128}"
EndProject
Project("{9A19103F-16F7-4668-BE54-9A1E7A4F7556}") = "SamplesCommon", "source\samples\SamplesCommon\SamplesCommon.csproj", "{DE27C3CE-E9E9-48D2-A4A1-5846E550462E}"
EndProject
Project("{2150E333-8FDC-42A3-9474-1A3956D46DE8}") = "Tools", "Tools", "{07337569-6CA9-4BB0-9C8F-962D981CB5F4}"
EndProject
Project("{9A19103F-16F7-4668-BE54-9A1E7A4F7556}") = "WinUIResourcesConverter", "source\tools\WinUIResourcesConverter\WinUIResourcesConverter.csproj", "{35EF6F6B-3E8C-4A9E-BCD2-16CA5C2C2ADC}"
EndProject
Project("{9A19103F-16F7-4668-BE54-9A1E7A4F7556}") = "iNKORE.UI.WPF.Modern", "source\Inkore.UI.WPF.Modern\iNKORE.UI.WPF.Modern.csproj", "{789F8052-2F84-4BA0-9CD7-A3A1901A66A0}"
EndProject
Project("{9A19103F-16F7-4668-BE54-9A1E7A4F7556}") = "iNKORE.UI.WPF.Modern.Controls", "source\iNKORE.UI.WPF.Modern.Controls\iNKORE.UI.WPF.Modern.Controls.csproj", "{FE80560D-40A3-4469-AC0A-C725B583CAA7}"
EndProject
Project("{9A19103F-16F7-4668-BE54-9A1E7A4F7556}") = "iNKORE.UI.WPF.Modern.Gallery", "source\iNKORE.UI.WPF.Modern.Gallery\iNKORE.UI.WPF.Modern.Gallery.csproj", "{54049F5E-E57B-433E-B316-3C51F25B523D}"
EndProject
Project("{9A19103F-16F7-4668-BE54-9A1E7A4F7556}") = "WpfApp1", "samples\WpfApp1\WpfApp1.csproj", "{DBB698F7-FB37-4514-82C2-DA3C71A4B92F}"
EndProject
Project("{2150E333-8FDC-42A3-9474-1A3956D46DE8}") = "Assets", "Assets", "{445FD5A2-621B-450B-B0AB-4B9A070ECC1E}"
EndProject
Project("{2150E333-8FDC-42A3-9474-1A3956D46DE8}") = "Misc", "Misc", "{A6E3D156-8F7F-4566-9931-DC76009E73FC}"
	ProjectSection(SolutionItems) = preProject
		assets\misc\iNKORE.Pulic.snk = assets\misc\iNKORE.Pulic.snk
	EndProjectSection
EndProject
Project("{2150E333-8FDC-42A3-9474-1A3956D46DE8}") = "Fonts", "Fonts", "{1413BB5F-D932-4C64-B7B4-2F253DDE36B2}"
	ProjectSection(SolutionItems) = preProject
		assets\fonts\SegoeIcons.ttf = assets\fonts\SegoeIcons.ttf
	EndProjectSection
EndProject
Project("{9A19103F-16F7-4668-BE54-9A1E7A4F7556}") = "NoAppXamlTest", "samples\NoAppXamlTest\NoAppXamlTest.csproj", "{7C68372B-A2EE-43DB-A6B1-EC0CA6471BA3}"
EndProject
Project("{9A19103F-16F7-4668-BE54-9A1E7A4F7556}") = "FlyoutExample", "samples\FlyoutExample\FlyoutExample.csproj", "{3614991C-ECC0-474A-BC8E-1D0A56FD0BDE}"
EndProject
Project("{9A19103F-16F7-4668-BE54-9A1E7A4F7556}") = "StarterKit", "samples\StarterKit\StarterKit.csproj", "{B13E16CB-55E0-42CB-B761-216D82273473}"
EndProject
Project("{9A19103F-16F7-4668-BE54-9A1E7A4F7556}") = "WindowExample", "samples\WindowExample\WindowExample.csproj", "{936F7656-B5E8-44A8-8560-D954E1E68383}"
EndProject
Project("{9A19103F-16F7-4668-BE54-9A1E7A4F7556}") = "IconKeyFileMaker", "tools\IconKeyFileMaker\IconKeyFileMaker.csproj", "{6561632F-0B5A-4869-8C82-E05238326B32}"
EndProject
Project("{9A19103F-16F7-4668-BE54-9A1E7A4F7556}") = "ExamplePhotoTaker", "samples\ExamplePhotoTaker\ExamplePhotoTaker.csproj", "{194059C8-5CBF-4548-8216-3D251CE43236}"
EndProject
Project("{9A19103F-16F7-4668-BE54-9A1E7A4F7556}") = "NavigationViewExample", "samples\NavigationViewExample\NavigationViewExample.csproj", "{F9951C10-6C42-4E5F-BAB2-381C17D4DE35}"
EndProject
Project("{9A19103F-16F7-4668-BE54-9A1E7A4F7556}") = "Acrylic10Example", "samples\Acrylic10Example\Acrylic10Example.csproj", "{84C80EA6-0F9C-49CF-AB66-5696CC888CA7}"
EndProject
Project("{9A19103F-16F7-4668-BE54-9A1E7A4F7556}") = "SettingsNavigationTest", "samples\SettingsNavigationTest\SettingsNavigationTest.csproj", "{AF682B4E-6A51-474A-8D80-0738A94C72FA}"
EndProject
Project("{FAE04EC0-301F-11D3-BF4B-00C04F79EFBC}") = "ButtonsOnTitlebar", "samples\ButtonsOnTitlebar\ButtonsOnTitlebar.csproj", "{B7A35355-ED5B-494C-9BB8-6EBA1155E60E}"
EndProject
Global
	GlobalSection(SolutionConfigurationPlatforms) = preSolution
		Debug|Any CPU = Debug|Any CPU
		Debug|ARM = Debug|ARM
		Debug|ARM64 = Debug|ARM64
		Debug|x64 = Debug|x64
		Debug|x86 = Debug|x86
		Release|Any CPU = Release|Any CPU
		Release|ARM = Release|ARM
		Release|ARM64 = Release|ARM64
		Release|x64 = Release|x64
		Release|x86 = Release|x86
	EndGlobalSection
	GlobalSection(ProjectConfigurationPlatforms) = postSolution
		{DE27C3CE-E9E9-48D2-A4A1-5846E550462E}.Debug|Any CPU.ActiveCfg = Debug|Any CPU
		{DE27C3CE-E9E9-48D2-A4A1-5846E550462E}.Debug|Any CPU.Build.0 = Debug|Any CPU
		{DE27C3CE-E9E9-48D2-A4A1-5846E550462E}.Debug|ARM.ActiveCfg = Debug|Any CPU
		{DE27C3CE-E9E9-48D2-A4A1-5846E550462E}.Debug|ARM.Build.0 = Debug|Any CPU
		{DE27C3CE-E9E9-48D2-A4A1-5846E550462E}.Debug|ARM64.ActiveCfg = Debug|Any CPU
		{DE27C3CE-E9E9-48D2-A4A1-5846E550462E}.Debug|ARM64.Build.0 = Debug|Any CPU
		{DE27C3CE-E9E9-48D2-A4A1-5846E550462E}.Debug|x64.ActiveCfg = Debug|Any CPU
		{DE27C3CE-E9E9-48D2-A4A1-5846E550462E}.Debug|x64.Build.0 = Debug|Any CPU
		{DE27C3CE-E9E9-48D2-A4A1-5846E550462E}.Debug|x86.ActiveCfg = Debug|Any CPU
		{DE27C3CE-E9E9-48D2-A4A1-5846E550462E}.Debug|x86.Build.0 = Debug|Any CPU
		{DE27C3CE-E9E9-48D2-A4A1-5846E550462E}.Release|Any CPU.ActiveCfg = Release|Any CPU
		{DE27C3CE-E9E9-48D2-A4A1-5846E550462E}.Release|Any CPU.Build.0 = Release|Any CPU
		{DE27C3CE-E9E9-48D2-A4A1-5846E550462E}.Release|ARM.ActiveCfg = Release|Any CPU
		{DE27C3CE-E9E9-48D2-A4A1-5846E550462E}.Release|ARM.Build.0 = Release|Any CPU
		{DE27C3CE-E9E9-48D2-A4A1-5846E550462E}.Release|ARM64.ActiveCfg = Release|Any CPU
		{DE27C3CE-E9E9-48D2-A4A1-5846E550462E}.Release|ARM64.Build.0 = Release|Any CPU
		{DE27C3CE-E9E9-48D2-A4A1-5846E550462E}.Release|x64.ActiveCfg = Release|Any CPU
		{DE27C3CE-E9E9-48D2-A4A1-5846E550462E}.Release|x64.Build.0 = Release|Any CPU
		{DE27C3CE-E9E9-48D2-A4A1-5846E550462E}.Release|x86.ActiveCfg = Release|Any CPU
		{DE27C3CE-E9E9-48D2-A4A1-5846E550462E}.Release|x86.Build.0 = Release|Any CPU
		{35EF6F6B-3E8C-4A9E-BCD2-16CA5C2C2ADC}.Debug|Any CPU.ActiveCfg = Debug|Any CPU
		{35EF6F6B-3E8C-4A9E-BCD2-16CA5C2C2ADC}.Debug|Any CPU.Build.0 = Debug|Any CPU
		{35EF6F6B-3E8C-4A9E-BCD2-16CA5C2C2ADC}.Debug|ARM.ActiveCfg = Debug|Any CPU
		{35EF6F6B-3E8C-4A9E-BCD2-16CA5C2C2ADC}.Debug|ARM.Build.0 = Debug|Any CPU
		{35EF6F6B-3E8C-4A9E-BCD2-16CA5C2C2ADC}.Debug|ARM64.ActiveCfg = Debug|Any CPU
		{35EF6F6B-3E8C-4A9E-BCD2-16CA5C2C2ADC}.Debug|ARM64.Build.0 = Debug|Any CPU
		{35EF6F6B-3E8C-4A9E-BCD2-16CA5C2C2ADC}.Debug|x64.ActiveCfg = Debug|Any CPU
		{35EF6F6B-3E8C-4A9E-BCD2-16CA5C2C2ADC}.Debug|x64.Build.0 = Debug|Any CPU
		{35EF6F6B-3E8C-4A9E-BCD2-16CA5C2C2ADC}.Debug|x86.ActiveCfg = Debug|Any CPU
		{35EF6F6B-3E8C-4A9E-BCD2-16CA5C2C2ADC}.Debug|x86.Build.0 = Debug|Any CPU
		{35EF6F6B-3E8C-4A9E-BCD2-16CA5C2C2ADC}.Release|Any CPU.ActiveCfg = Release|Any CPU
		{35EF6F6B-3E8C-4A9E-BCD2-16CA5C2C2ADC}.Release|Any CPU.Build.0 = Release|Any CPU
		{35EF6F6B-3E8C-4A9E-BCD2-16CA5C2C2ADC}.Release|ARM.ActiveCfg = Release|Any CPU
		{35EF6F6B-3E8C-4A9E-BCD2-16CA5C2C2ADC}.Release|ARM.Build.0 = Release|Any CPU
		{35EF6F6B-3E8C-4A9E-BCD2-16CA5C2C2ADC}.Release|ARM64.ActiveCfg = Release|Any CPU
		{35EF6F6B-3E8C-4A9E-BCD2-16CA5C2C2ADC}.Release|ARM64.Build.0 = Release|Any CPU
		{35EF6F6B-3E8C-4A9E-BCD2-16CA5C2C2ADC}.Release|x64.ActiveCfg = Release|Any CPU
		{35EF6F6B-3E8C-4A9E-BCD2-16CA5C2C2ADC}.Release|x64.Build.0 = Release|Any CPU
		{35EF6F6B-3E8C-4A9E-BCD2-16CA5C2C2ADC}.Release|x86.ActiveCfg = Release|Any CPU
		{35EF6F6B-3E8C-4A9E-BCD2-16CA5C2C2ADC}.Release|x86.Build.0 = Release|Any CPU
		{789F8052-2F84-4BA0-9CD7-A3A1901A66A0}.Debug|Any CPU.ActiveCfg = Debug|Any CPU
		{789F8052-2F84-4BA0-9CD7-A3A1901A66A0}.Debug|Any CPU.Build.0 = Debug|Any CPU
		{789F8052-2F84-4BA0-9CD7-A3A1901A66A0}.Debug|ARM.ActiveCfg = Debug|Any CPU
		{789F8052-2F84-4BA0-9CD7-A3A1901A66A0}.Debug|ARM.Build.0 = Debug|Any CPU
		{789F8052-2F84-4BA0-9CD7-A3A1901A66A0}.Debug|ARM64.ActiveCfg = Debug|Any CPU
		{789F8052-2F84-4BA0-9CD7-A3A1901A66A0}.Debug|ARM64.Build.0 = Debug|Any CPU
		{789F8052-2F84-4BA0-9CD7-A3A1901A66A0}.Debug|x64.ActiveCfg = Debug|Any CPU
		{789F8052-2F84-4BA0-9CD7-A3A1901A66A0}.Debug|x64.Build.0 = Debug|Any CPU
		{789F8052-2F84-4BA0-9CD7-A3A1901A66A0}.Debug|x86.ActiveCfg = Debug|Any CPU
		{789F8052-2F84-4BA0-9CD7-A3A1901A66A0}.Debug|x86.Build.0 = Debug|Any CPU
		{789F8052-2F84-4BA0-9CD7-A3A1901A66A0}.Release|Any CPU.ActiveCfg = Release|Any CPU
		{789F8052-2F84-4BA0-9CD7-A3A1901A66A0}.Release|Any CPU.Build.0 = Release|Any CPU
		{789F8052-2F84-4BA0-9CD7-A3A1901A66A0}.Release|ARM.ActiveCfg = Release|Any CPU
		{789F8052-2F84-4BA0-9CD7-A3A1901A66A0}.Release|ARM.Build.0 = Release|Any CPU
		{789F8052-2F84-4BA0-9CD7-A3A1901A66A0}.Release|ARM64.ActiveCfg = Release|Any CPU
		{789F8052-2F84-4BA0-9CD7-A3A1901A66A0}.Release|ARM64.Build.0 = Release|Any CPU
		{789F8052-2F84-4BA0-9CD7-A3A1901A66A0}.Release|x64.ActiveCfg = Release|Any CPU
		{789F8052-2F84-4BA0-9CD7-A3A1901A66A0}.Release|x64.Build.0 = Release|Any CPU
		{789F8052-2F84-4BA0-9CD7-A3A1901A66A0}.Release|x86.ActiveCfg = Release|Any CPU
		{789F8052-2F84-4BA0-9CD7-A3A1901A66A0}.Release|x86.Build.0 = Release|Any CPU
		{FE80560D-40A3-4469-AC0A-C725B583CAA7}.Debug|Any CPU.ActiveCfg = Debug|Any CPU
		{FE80560D-40A3-4469-AC0A-C725B583CAA7}.Debug|Any CPU.Build.0 = Debug|Any CPU
		{FE80560D-40A3-4469-AC0A-C725B583CAA7}.Debug|ARM.ActiveCfg = Debug|Any CPU
		{FE80560D-40A3-4469-AC0A-C725B583CAA7}.Debug|ARM.Build.0 = Debug|Any CPU
		{FE80560D-40A3-4469-AC0A-C725B583CAA7}.Debug|ARM64.ActiveCfg = Debug|Any CPU
		{FE80560D-40A3-4469-AC0A-C725B583CAA7}.Debug|ARM64.Build.0 = Debug|Any CPU
		{FE80560D-40A3-4469-AC0A-C725B583CAA7}.Debug|x64.ActiveCfg = Debug|Any CPU
		{FE80560D-40A3-4469-AC0A-C725B583CAA7}.Debug|x64.Build.0 = Debug|Any CPU
		{FE80560D-40A3-4469-AC0A-C725B583CAA7}.Debug|x86.ActiveCfg = Debug|Any CPU
		{FE80560D-40A3-4469-AC0A-C725B583CAA7}.Debug|x86.Build.0 = Debug|Any CPU
		{FE80560D-40A3-4469-AC0A-C725B583CAA7}.Release|Any CPU.ActiveCfg = Release|Any CPU
		{FE80560D-40A3-4469-AC0A-C725B583CAA7}.Release|Any CPU.Build.0 = Release|Any CPU
		{FE80560D-40A3-4469-AC0A-C725B583CAA7}.Release|ARM.ActiveCfg = Release|Any CPU
		{FE80560D-40A3-4469-AC0A-C725B583CAA7}.Release|ARM.Build.0 = Release|Any CPU
		{FE80560D-40A3-4469-AC0A-C725B583CAA7}.Release|ARM64.ActiveCfg = Release|Any CPU
		{FE80560D-40A3-4469-AC0A-C725B583CAA7}.Release|ARM64.Build.0 = Release|Any CPU
		{FE80560D-40A3-4469-AC0A-C725B583CAA7}.Release|x64.ActiveCfg = Release|Any CPU
		{FE80560D-40A3-4469-AC0A-C725B583CAA7}.Release|x64.Build.0 = Release|Any CPU
		{FE80560D-40A3-4469-AC0A-C725B583CAA7}.Release|x86.ActiveCfg = Release|Any CPU
		{FE80560D-40A3-4469-AC0A-C725B583CAA7}.Release|x86.Build.0 = Release|Any CPU
		{54049F5E-E57B-433E-B316-3C51F25B523D}.Debug|Any CPU.ActiveCfg = Debug|Any CPU
		{54049F5E-E57B-433E-B316-3C51F25B523D}.Debug|Any CPU.Build.0 = Debug|Any CPU
		{54049F5E-E57B-433E-B316-3C51F25B523D}.Debug|ARM.ActiveCfg = Debug|Any CPU
		{54049F5E-E57B-433E-B316-3C51F25B523D}.Debug|ARM.Build.0 = Debug|Any CPU
		{54049F5E-E57B-433E-B316-3C51F25B523D}.Debug|ARM64.ActiveCfg = Debug|Any CPU
		{54049F5E-E57B-433E-B316-3C51F25B523D}.Debug|ARM64.Build.0 = Debug|Any CPU
		{54049F5E-E57B-433E-B316-3C51F25B523D}.Debug|x64.ActiveCfg = Debug|Any CPU
		{54049F5E-E57B-433E-B316-3C51F25B523D}.Debug|x64.Build.0 = Debug|Any CPU
		{54049F5E-E57B-433E-B316-3C51F25B523D}.Debug|x86.ActiveCfg = Debug|Any CPU
		{54049F5E-E57B-433E-B316-3C51F25B523D}.Debug|x86.Build.0 = Debug|Any CPU
		{54049F5E-E57B-433E-B316-3C51F25B523D}.Release|Any CPU.ActiveCfg = Release|Any CPU
		{54049F5E-E57B-433E-B316-3C51F25B523D}.Release|Any CPU.Build.0 = Release|Any CPU
		{54049F5E-E57B-433E-B316-3C51F25B523D}.Release|ARM.ActiveCfg = Release|Any CPU
		{54049F5E-E57B-433E-B316-3C51F25B523D}.Release|ARM.Build.0 = Release|Any CPU
		{54049F5E-E57B-433E-B316-3C51F25B523D}.Release|ARM64.ActiveCfg = Release|Any CPU
		{54049F5E-E57B-433E-B316-3C51F25B523D}.Release|ARM64.Build.0 = Release|Any CPU
		{54049F5E-E57B-433E-B316-3C51F25B523D}.Release|x64.ActiveCfg = Release|Any CPU
		{54049F5E-E57B-433E-B316-3C51F25B523D}.Release|x64.Build.0 = Release|Any CPU
		{54049F5E-E57B-433E-B316-3C51F25B523D}.Release|x86.ActiveCfg = Release|Any CPU
		{54049F5E-E57B-433E-B316-3C51F25B523D}.Release|x86.Build.0 = Release|Any CPU
		{DBB698F7-FB37-4514-82C2-DA3C71A4B92F}.Debug|Any CPU.ActiveCfg = Debug|Any CPU
		{DBB698F7-FB37-4514-82C2-DA3C71A4B92F}.Debug|Any CPU.Build.0 = Debug|Any CPU
		{DBB698F7-FB37-4514-82C2-DA3C71A4B92F}.Debug|ARM.ActiveCfg = Debug|Any CPU
		{DBB698F7-FB37-4514-82C2-DA3C71A4B92F}.Debug|ARM.Build.0 = Debug|Any CPU
		{DBB698F7-FB37-4514-82C2-DA3C71A4B92F}.Debug|ARM64.ActiveCfg = Debug|Any CPU
		{DBB698F7-FB37-4514-82C2-DA3C71A4B92F}.Debug|ARM64.Build.0 = Debug|Any CPU
		{DBB698F7-FB37-4514-82C2-DA3C71A4B92F}.Debug|x64.ActiveCfg = Debug|Any CPU
		{DBB698F7-FB37-4514-82C2-DA3C71A4B92F}.Debug|x64.Build.0 = Debug|Any CPU
		{DBB698F7-FB37-4514-82C2-DA3C71A4B92F}.Debug|x86.ActiveCfg = Debug|Any CPU
		{DBB698F7-FB37-4514-82C2-DA3C71A4B92F}.Debug|x86.Build.0 = Debug|Any CPU
		{DBB698F7-FB37-4514-82C2-DA3C71A4B92F}.Release|Any CPU.ActiveCfg = Release|Any CPU
		{DBB698F7-FB37-4514-82C2-DA3C71A4B92F}.Release|Any CPU.Build.0 = Release|Any CPU
		{DBB698F7-FB37-4514-82C2-DA3C71A4B92F}.Release|ARM.ActiveCfg = Release|Any CPU
		{DBB698F7-FB37-4514-82C2-DA3C71A4B92F}.Release|ARM.Build.0 = Release|Any CPU
		{DBB698F7-FB37-4514-82C2-DA3C71A4B92F}.Release|ARM64.ActiveCfg = Release|Any CPU
		{DBB698F7-FB37-4514-82C2-DA3C71A4B92F}.Release|ARM64.Build.0 = Release|Any CPU
		{DBB698F7-FB37-4514-82C2-DA3C71A4B92F}.Release|x64.ActiveCfg = Release|Any CPU
		{DBB698F7-FB37-4514-82C2-DA3C71A4B92F}.Release|x64.Build.0 = Release|Any CPU
		{DBB698F7-FB37-4514-82C2-DA3C71A4B92F}.Release|x86.ActiveCfg = Release|Any CPU
		{DBB698F7-FB37-4514-82C2-DA3C71A4B92F}.Release|x86.Build.0 = Release|Any CPU
		{7C68372B-A2EE-43DB-A6B1-EC0CA6471BA3}.Debug|Any CPU.ActiveCfg = Debug|Any CPU
		{7C68372B-A2EE-43DB-A6B1-EC0CA6471BA3}.Debug|Any CPU.Build.0 = Debug|Any CPU
		{7C68372B-A2EE-43DB-A6B1-EC0CA6471BA3}.Debug|ARM.ActiveCfg = Debug|Any CPU
		{7C68372B-A2EE-43DB-A6B1-EC0CA6471BA3}.Debug|ARM.Build.0 = Debug|Any CPU
		{7C68372B-A2EE-43DB-A6B1-EC0CA6471BA3}.Debug|ARM64.ActiveCfg = Debug|Any CPU
		{7C68372B-A2EE-43DB-A6B1-EC0CA6471BA3}.Debug|ARM64.Build.0 = Debug|Any CPU
		{7C68372B-A2EE-43DB-A6B1-EC0CA6471BA3}.Debug|x64.ActiveCfg = Debug|Any CPU
		{7C68372B-A2EE-43DB-A6B1-EC0CA6471BA3}.Debug|x64.Build.0 = Debug|Any CPU
		{7C68372B-A2EE-43DB-A6B1-EC0CA6471BA3}.Debug|x86.ActiveCfg = Debug|Any CPU
		{7C68372B-A2EE-43DB-A6B1-EC0CA6471BA3}.Debug|x86.Build.0 = Debug|Any CPU
		{7C68372B-A2EE-43DB-A6B1-EC0CA6471BA3}.Release|Any CPU.ActiveCfg = Release|Any CPU
		{7C68372B-A2EE-43DB-A6B1-EC0CA6471BA3}.Release|Any CPU.Build.0 = Release|Any CPU
		{7C68372B-A2EE-43DB-A6B1-EC0CA6471BA3}.Release|ARM.ActiveCfg = Release|Any CPU
		{7C68372B-A2EE-43DB-A6B1-EC0CA6471BA3}.Release|ARM.Build.0 = Release|Any CPU
		{7C68372B-A2EE-43DB-A6B1-EC0CA6471BA3}.Release|ARM64.ActiveCfg = Release|Any CPU
		{7C68372B-A2EE-43DB-A6B1-EC0CA6471BA3}.Release|ARM64.Build.0 = Release|Any CPU
		{7C68372B-A2EE-43DB-A6B1-EC0CA6471BA3}.Release|x64.ActiveCfg = Release|Any CPU
		{7C68372B-A2EE-43DB-A6B1-EC0CA6471BA3}.Release|x64.Build.0 = Release|Any CPU
		{7C68372B-A2EE-43DB-A6B1-EC0CA6471BA3}.Release|x86.ActiveCfg = Release|Any CPU
		{7C68372B-A2EE-43DB-A6B1-EC0CA6471BA3}.Release|x86.Build.0 = Release|Any CPU
		{3614991C-ECC0-474A-BC8E-1D0A56FD0BDE}.Debug|Any CPU.ActiveCfg = Debug|Any CPU
		{3614991C-ECC0-474A-BC8E-1D0A56FD0BDE}.Debug|Any CPU.Build.0 = Debug|Any CPU
		{3614991C-ECC0-474A-BC8E-1D0A56FD0BDE}.Debug|ARM.ActiveCfg = Debug|Any CPU
		{3614991C-ECC0-474A-BC8E-1D0A56FD0BDE}.Debug|ARM.Build.0 = Debug|Any CPU
		{3614991C-ECC0-474A-BC8E-1D0A56FD0BDE}.Debug|ARM64.ActiveCfg = Debug|Any CPU
		{3614991C-ECC0-474A-BC8E-1D0A56FD0BDE}.Debug|ARM64.Build.0 = Debug|Any CPU
		{3614991C-ECC0-474A-BC8E-1D0A56FD0BDE}.Debug|x64.ActiveCfg = Debug|Any CPU
		{3614991C-ECC0-474A-BC8E-1D0A56FD0BDE}.Debug|x64.Build.0 = Debug|Any CPU
		{3614991C-ECC0-474A-BC8E-1D0A56FD0BDE}.Debug|x86.ActiveCfg = Debug|Any CPU
		{3614991C-ECC0-474A-BC8E-1D0A56FD0BDE}.Debug|x86.Build.0 = Debug|Any CPU
		{3614991C-ECC0-474A-BC8E-1D0A56FD0BDE}.Release|Any CPU.ActiveCfg = Release|Any CPU
		{3614991C-ECC0-474A-BC8E-1D0A56FD0BDE}.Release|Any CPU.Build.0 = Release|Any CPU
		{3614991C-ECC0-474A-BC8E-1D0A56FD0BDE}.Release|ARM.ActiveCfg = Release|Any CPU
		{3614991C-ECC0-474A-BC8E-1D0A56FD0BDE}.Release|ARM.Build.0 = Release|Any CPU
		{3614991C-ECC0-474A-BC8E-1D0A56FD0BDE}.Release|ARM64.ActiveCfg = Release|Any CPU
		{3614991C-ECC0-474A-BC8E-1D0A56FD0BDE}.Release|ARM64.Build.0 = Release|Any CPU
		{3614991C-ECC0-474A-BC8E-1D0A56FD0BDE}.Release|x64.ActiveCfg = Release|Any CPU
		{3614991C-ECC0-474A-BC8E-1D0A56FD0BDE}.Release|x64.Build.0 = Release|Any CPU
		{3614991C-ECC0-474A-BC8E-1D0A56FD0BDE}.Release|x86.ActiveCfg = Release|Any CPU
		{3614991C-ECC0-474A-BC8E-1D0A56FD0BDE}.Release|x86.Build.0 = Release|Any CPU
		{B13E16CB-55E0-42CB-B761-216D82273473}.Debug|Any CPU.ActiveCfg = Debug|Any CPU
		{B13E16CB-55E0-42CB-B761-216D82273473}.Debug|Any CPU.Build.0 = Debug|Any CPU
		{B13E16CB-55E0-42CB-B761-216D82273473}.Debug|ARM.ActiveCfg = Debug|Any CPU
		{B13E16CB-55E0-42CB-B761-216D82273473}.Debug|ARM.Build.0 = Debug|Any CPU
		{B13E16CB-55E0-42CB-B761-216D82273473}.Debug|ARM64.ActiveCfg = Debug|Any CPU
		{B13E16CB-55E0-42CB-B761-216D82273473}.Debug|ARM64.Build.0 = Debug|Any CPU
		{B13E16CB-55E0-42CB-B761-216D82273473}.Debug|x64.ActiveCfg = Debug|Any CPU
		{B13E16CB-55E0-42CB-B761-216D82273473}.Debug|x64.Build.0 = Debug|Any CPU
		{B13E16CB-55E0-42CB-B761-216D82273473}.Debug|x86.ActiveCfg = Debug|Any CPU
		{B13E16CB-55E0-42CB-B761-216D82273473}.Debug|x86.Build.0 = Debug|Any CPU
		{B13E16CB-55E0-42CB-B761-216D82273473}.Release|Any CPU.ActiveCfg = Release|Any CPU
		{B13E16CB-55E0-42CB-B761-216D82273473}.Release|Any CPU.Build.0 = Release|Any CPU
		{B13E16CB-55E0-42CB-B761-216D82273473}.Release|ARM.ActiveCfg = Release|Any CPU
		{B13E16CB-55E0-42CB-B761-216D82273473}.Release|ARM.Build.0 = Release|Any CPU
		{B13E16CB-55E0-42CB-B761-216D82273473}.Release|ARM64.ActiveCfg = Release|Any CPU
		{B13E16CB-55E0-42CB-B761-216D82273473}.Release|ARM64.Build.0 = Release|Any CPU
		{B13E16CB-55E0-42CB-B761-216D82273473}.Release|x64.ActiveCfg = Release|Any CPU
		{B13E16CB-55E0-42CB-B761-216D82273473}.Release|x64.Build.0 = Release|Any CPU
		{B13E16CB-55E0-42CB-B761-216D82273473}.Release|x86.ActiveCfg = Release|Any CPU
		{B13E16CB-55E0-42CB-B761-216D82273473}.Release|x86.Build.0 = Release|Any CPU
		{936F7656-B5E8-44A8-8560-D954E1E68383}.Debug|Any CPU.ActiveCfg = Debug|Any CPU
		{936F7656-B5E8-44A8-8560-D954E1E68383}.Debug|Any CPU.Build.0 = Debug|Any CPU
		{936F7656-B5E8-44A8-8560-D954E1E68383}.Debug|ARM.ActiveCfg = Debug|Any CPU
		{936F7656-B5E8-44A8-8560-D954E1E68383}.Debug|ARM.Build.0 = Debug|Any CPU
		{936F7656-B5E8-44A8-8560-D954E1E68383}.Debug|ARM64.ActiveCfg = Debug|Any CPU
		{936F7656-B5E8-44A8-8560-D954E1E68383}.Debug|ARM64.Build.0 = Debug|Any CPU
		{936F7656-B5E8-44A8-8560-D954E1E68383}.Debug|x64.ActiveCfg = Debug|Any CPU
		{936F7656-B5E8-44A8-8560-D954E1E68383}.Debug|x64.Build.0 = Debug|Any CPU
		{936F7656-B5E8-44A8-8560-D954E1E68383}.Debug|x86.ActiveCfg = Debug|Any CPU
		{936F7656-B5E8-44A8-8560-D954E1E68383}.Debug|x86.Build.0 = Debug|Any CPU
		{936F7656-B5E8-44A8-8560-D954E1E68383}.Release|Any CPU.ActiveCfg = Release|Any CPU
		{936F7656-B5E8-44A8-8560-D954E1E68383}.Release|Any CPU.Build.0 = Release|Any CPU
		{936F7656-B5E8-44A8-8560-D954E1E68383}.Release|ARM.ActiveCfg = Release|Any CPU
		{936F7656-B5E8-44A8-8560-D954E1E68383}.Release|ARM.Build.0 = Release|Any CPU
		{936F7656-B5E8-44A8-8560-D954E1E68383}.Release|ARM64.ActiveCfg = Release|Any CPU
		{936F7656-B5E8-44A8-8560-D954E1E68383}.Release|ARM64.Build.0 = Release|Any CPU
		{936F7656-B5E8-44A8-8560-D954E1E68383}.Release|x64.ActiveCfg = Release|Any CPU
		{936F7656-B5E8-44A8-8560-D954E1E68383}.Release|x64.Build.0 = Release|Any CPU
		{936F7656-B5E8-44A8-8560-D954E1E68383}.Release|x86.ActiveCfg = Release|Any CPU
		{936F7656-B5E8-44A8-8560-D954E1E68383}.Release|x86.Build.0 = Release|Any CPU
		{6561632F-0B5A-4869-8C82-E05238326B32}.Debug|Any CPU.ActiveCfg = Debug|Any CPU
		{6561632F-0B5A-4869-8C82-E05238326B32}.Debug|Any CPU.Build.0 = Debug|Any CPU
		{6561632F-0B5A-4869-8C82-E05238326B32}.Debug|ARM.ActiveCfg = Debug|Any CPU
		{6561632F-0B5A-4869-8C82-E05238326B32}.Debug|ARM.Build.0 = Debug|Any CPU
		{6561632F-0B5A-4869-8C82-E05238326B32}.Debug|ARM64.ActiveCfg = Debug|Any CPU
		{6561632F-0B5A-4869-8C82-E05238326B32}.Debug|ARM64.Build.0 = Debug|Any CPU
		{6561632F-0B5A-4869-8C82-E05238326B32}.Debug|x64.ActiveCfg = Debug|Any CPU
		{6561632F-0B5A-4869-8C82-E05238326B32}.Debug|x64.Build.0 = Debug|Any CPU
		{6561632F-0B5A-4869-8C82-E05238326B32}.Debug|x86.ActiveCfg = Debug|Any CPU
		{6561632F-0B5A-4869-8C82-E05238326B32}.Debug|x86.Build.0 = Debug|Any CPU
		{6561632F-0B5A-4869-8C82-E05238326B32}.Release|Any CPU.ActiveCfg = Release|Any CPU
		{6561632F-0B5A-4869-8C82-E05238326B32}.Release|Any CPU.Build.0 = Release|Any CPU
		{6561632F-0B5A-4869-8C82-E05238326B32}.Release|ARM.ActiveCfg = Release|Any CPU
		{6561632F-0B5A-4869-8C82-E05238326B32}.Release|ARM.Build.0 = Release|Any CPU
		{6561632F-0B5A-4869-8C82-E05238326B32}.Release|ARM64.ActiveCfg = Release|Any CPU
		{6561632F-0B5A-4869-8C82-E05238326B32}.Release|ARM64.Build.0 = Release|Any CPU
		{6561632F-0B5A-4869-8C82-E05238326B32}.Release|x64.ActiveCfg = Release|Any CPU
		{6561632F-0B5A-4869-8C82-E05238326B32}.Release|x64.Build.0 = Release|Any CPU
		{6561632F-0B5A-4869-8C82-E05238326B32}.Release|x86.ActiveCfg = Release|Any CPU
		{6561632F-0B5A-4869-8C82-E05238326B32}.Release|x86.Build.0 = Release|Any CPU
		{194059C8-5CBF-4548-8216-3D251CE43236}.Debug|Any CPU.ActiveCfg = Debug|Any CPU
		{194059C8-5CBF-4548-8216-3D251CE43236}.Debug|Any CPU.Build.0 = Debug|Any CPU
		{194059C8-5CBF-4548-8216-3D251CE43236}.Debug|ARM.ActiveCfg = Debug|Any CPU
		{194059C8-5CBF-4548-8216-3D251CE43236}.Debug|ARM.Build.0 = Debug|Any CPU
		{194059C8-5CBF-4548-8216-3D251CE43236}.Debug|ARM64.ActiveCfg = Debug|Any CPU
		{194059C8-5CBF-4548-8216-3D251CE43236}.Debug|ARM64.Build.0 = Debug|Any CPU
		{194059C8-5CBF-4548-8216-3D251CE43236}.Debug|x64.ActiveCfg = Debug|Any CPU
		{194059C8-5CBF-4548-8216-3D251CE43236}.Debug|x64.Build.0 = Debug|Any CPU
		{194059C8-5CBF-4548-8216-3D251CE43236}.Debug|x86.ActiveCfg = Debug|Any CPU
		{194059C8-5CBF-4548-8216-3D251CE43236}.Debug|x86.Build.0 = Debug|Any CPU
		{194059C8-5CBF-4548-8216-3D251CE43236}.Release|Any CPU.ActiveCfg = Release|Any CPU
		{194059C8-5CBF-4548-8216-3D251CE43236}.Release|Any CPU.Build.0 = Release|Any CPU
		{194059C8-5CBF-4548-8216-3D251CE43236}.Release|ARM.ActiveCfg = Release|Any CPU
		{194059C8-5CBF-4548-8216-3D251CE43236}.Release|ARM.Build.0 = Release|Any CPU
		{194059C8-5CBF-4548-8216-3D251CE43236}.Release|ARM64.ActiveCfg = Release|Any CPU
		{194059C8-5CBF-4548-8216-3D251CE43236}.Release|ARM64.Build.0 = Release|Any CPU
		{194059C8-5CBF-4548-8216-3D251CE43236}.Release|x64.ActiveCfg = Release|Any CPU
		{194059C8-5CBF-4548-8216-3D251CE43236}.Release|x64.Build.0 = Release|Any CPU
		{194059C8-5CBF-4548-8216-3D251CE43236}.Release|x86.ActiveCfg = Release|Any CPU
		{194059C8-5CBF-4548-8216-3D251CE43236}.Release|x86.Build.0 = Release|Any CPU
		{F9951C10-6C42-4E5F-BAB2-381C17D4DE35}.Debug|Any CPU.ActiveCfg = Debug|Any CPU
		{F9951C10-6C42-4E5F-BAB2-381C17D4DE35}.Debug|Any CPU.Build.0 = Debug|Any CPU
		{F9951C10-6C42-4E5F-BAB2-381C17D4DE35}.Debug|ARM.ActiveCfg = Debug|Any CPU
		{F9951C10-6C42-4E5F-BAB2-381C17D4DE35}.Debug|ARM.Build.0 = Debug|Any CPU
		{F9951C10-6C42-4E5F-BAB2-381C17D4DE35}.Debug|ARM64.ActiveCfg = Debug|Any CPU
		{F9951C10-6C42-4E5F-BAB2-381C17D4DE35}.Debug|ARM64.Build.0 = Debug|Any CPU
		{F9951C10-6C42-4E5F-BAB2-381C17D4DE35}.Debug|x64.ActiveCfg = Debug|Any CPU
		{F9951C10-6C42-4E5F-BAB2-381C17D4DE35}.Debug|x64.Build.0 = Debug|Any CPU
		{F9951C10-6C42-4E5F-BAB2-381C17D4DE35}.Debug|x86.ActiveCfg = Debug|Any CPU
		{F9951C10-6C42-4E5F-BAB2-381C17D4DE35}.Debug|x86.Build.0 = Debug|Any CPU
		{F9951C10-6C42-4E5F-BAB2-381C17D4DE35}.Release|Any CPU.ActiveCfg = Release|Any CPU
		{F9951C10-6C42-4E5F-BAB2-381C17D4DE35}.Release|Any CPU.Build.0 = Release|Any CPU
		{F9951C10-6C42-4E5F-BAB2-381C17D4DE35}.Release|ARM.ActiveCfg = Release|Any CPU
		{F9951C10-6C42-4E5F-BAB2-381C17D4DE35}.Release|ARM.Build.0 = Release|Any CPU
		{F9951C10-6C42-4E5F-BAB2-381C17D4DE35}.Release|ARM64.ActiveCfg = Release|Any CPU
		{F9951C10-6C42-4E5F-BAB2-381C17D4DE35}.Release|ARM64.Build.0 = Release|Any CPU
		{F9951C10-6C42-4E5F-BAB2-381C17D4DE35}.Release|x64.ActiveCfg = Release|Any CPU
		{F9951C10-6C42-4E5F-BAB2-381C17D4DE35}.Release|x64.Build.0 = Release|Any CPU
		{F9951C10-6C42-4E5F-BAB2-381C17D4DE35}.Release|x86.ActiveCfg = Release|Any CPU
		{F9951C10-6C42-4E5F-BAB2-381C17D4DE35}.Release|x86.Build.0 = Release|Any CPU
		{84C80EA6-0F9C-49CF-AB66-5696CC888CA7}.Debug|Any CPU.ActiveCfg = Debug|Any CPU
		{84C80EA6-0F9C-49CF-AB66-5696CC888CA7}.Debug|Any CPU.Build.0 = Debug|Any CPU
		{84C80EA6-0F9C-49CF-AB66-5696CC888CA7}.Debug|ARM.ActiveCfg = Debug|Any CPU
		{84C80EA6-0F9C-49CF-AB66-5696CC888CA7}.Debug|ARM.Build.0 = Debug|Any CPU
		{84C80EA6-0F9C-49CF-AB66-5696CC888CA7}.Debug|ARM64.ActiveCfg = Debug|Any CPU
		{84C80EA6-0F9C-49CF-AB66-5696CC888CA7}.Debug|ARM64.Build.0 = Debug|Any CPU
		{84C80EA6-0F9C-49CF-AB66-5696CC888CA7}.Debug|x64.ActiveCfg = Debug|Any CPU
		{84C80EA6-0F9C-49CF-AB66-5696CC888CA7}.Debug|x64.Build.0 = Debug|Any CPU
		{84C80EA6-0F9C-49CF-AB66-5696CC888CA7}.Debug|x86.ActiveCfg = Debug|Any CPU
		{84C80EA6-0F9C-49CF-AB66-5696CC888CA7}.Debug|x86.Build.0 = Debug|Any CPU
		{84C80EA6-0F9C-49CF-AB66-5696CC888CA7}.Release|Any CPU.ActiveCfg = Release|Any CPU
		{84C80EA6-0F9C-49CF-AB66-5696CC888CA7}.Release|Any CPU.Build.0 = Release|Any CPU
		{84C80EA6-0F9C-49CF-AB66-5696CC888CA7}.Release|ARM.ActiveCfg = Release|Any CPU
		{84C80EA6-0F9C-49CF-AB66-5696CC888CA7}.Release|ARM.Build.0 = Release|Any CPU
		{84C80EA6-0F9C-49CF-AB66-5696CC888CA7}.Release|ARM64.ActiveCfg = Release|Any CPU
		{84C80EA6-0F9C-49CF-AB66-5696CC888CA7}.Release|ARM64.Build.0 = Release|Any CPU
		{84C80EA6-0F9C-49CF-AB66-5696CC888CA7}.Release|x64.ActiveCfg = Release|Any CPU
		{84C80EA6-0F9C-49CF-AB66-5696CC888CA7}.Release|x64.Build.0 = Release|Any CPU
		{84C80EA6-0F9C-49CF-AB66-5696CC888CA7}.Release|x86.ActiveCfg = Release|Any CPU
		{84C80EA6-0F9C-49CF-AB66-5696CC888CA7}.Release|x86.Build.0 = Release|Any CPU
		{AF682B4E-6A51-474A-8D80-0738A94C72FA}.Debug|Any CPU.ActiveCfg = Debug|Any CPU
		{AF682B4E-6A51-474A-8D80-0738A94C72FA}.Debug|Any CPU.Build.0 = Debug|Any CPU
		{AF682B4E-6A51-474A-8D80-0738A94C72FA}.Debug|ARM.ActiveCfg = Debug|Any CPU
		{AF682B4E-6A51-474A-8D80-0738A94C72FA}.Debug|ARM.Build.0 = Debug|Any CPU
		{AF682B4E-6A51-474A-8D80-0738A94C72FA}.Debug|ARM64.ActiveCfg = Debug|Any CPU
		{AF682B4E-6A51-474A-8D80-0738A94C72FA}.Debug|ARM64.Build.0 = Debug|Any CPU
		{AF682B4E-6A51-474A-8D80-0738A94C72FA}.Debug|x64.ActiveCfg = Debug|Any CPU
		{AF682B4E-6A51-474A-8D80-0738A94C72FA}.Debug|x64.Build.0 = Debug|Any CPU
		{AF682B4E-6A51-474A-8D80-0738A94C72FA}.Debug|x86.ActiveCfg = Debug|Any CPU
		{AF682B4E-6A51-474A-8D80-0738A94C72FA}.Debug|x86.Build.0 = Debug|Any CPU
		{AF682B4E-6A51-474A-8D80-0738A94C72FA}.Release|Any CPU.ActiveCfg = Release|Any CPU
		{AF682B4E-6A51-474A-8D80-0738A94C72FA}.Release|Any CPU.Build.0 = Release|Any CPU
		{AF682B4E-6A51-474A-8D80-0738A94C72FA}.Release|ARM.ActiveCfg = Release|Any CPU
		{AF682B4E-6A51-474A-8D80-0738A94C72FA}.Release|ARM.Build.0 = Release|Any CPU
		{AF682B4E-6A51-474A-8D80-0738A94C72FA}.Release|ARM64.ActiveCfg = Release|Any CPU
		{AF682B4E-6A51-474A-8D80-0738A94C72FA}.Release|ARM64.Build.0 = Release|Any CPU
		{AF682B4E-6A51-474A-8D80-0738A94C72FA}.Release|x64.ActiveCfg = Release|Any CPU
		{AF682B4E-6A51-474A-8D80-0738A94C72FA}.Release|x64.Build.0 = Release|Any CPU
		{AF682B4E-6A51-474A-8D80-0738A94C72FA}.Release|x86.ActiveCfg = Release|Any CPU
		{AF682B4E-6A51-474A-8D80-0738A94C72FA}.Release|x86.Build.0 = Release|Any CPU
		{B7A35355-ED5B-494C-9BB8-6EBA1155E60E}.Debug|Any CPU.ActiveCfg = Debug|Any CPU
		{B7A35355-ED5B-494C-9BB8-6EBA1155E60E}.Debug|Any CPU.Build.0 = Debug|Any CPU
		{B7A35355-ED5B-494C-9BB8-6EBA1155E60E}.Debug|ARM.ActiveCfg = Debug|Any CPU
		{B7A35355-ED5B-494C-9BB8-6EBA1155E60E}.Debug|ARM.Build.0 = Debug|Any CPU
		{B7A35355-ED5B-494C-9BB8-6EBA1155E60E}.Debug|ARM64.ActiveCfg = Debug|Any CPU
		{B7A35355-ED5B-494C-9BB8-6EBA1155E60E}.Debug|ARM64.Build.0 = Debug|Any CPU
		{B7A35355-ED5B-494C-9BB8-6EBA1155E60E}.Debug|x64.ActiveCfg = Debug|Any CPU
		{B7A35355-ED5B-494C-9BB8-6EBA1155E60E}.Debug|x64.Build.0 = Debug|Any CPU
		{B7A35355-ED5B-494C-9BB8-6EBA1155E60E}.Debug|x86.ActiveCfg = Debug|Any CPU
		{B7A35355-ED5B-494C-9BB8-6EBA1155E60E}.Debug|x86.Build.0 = Debug|Any CPU
		{B7A35355-ED5B-494C-9BB8-6EBA1155E60E}.Release|Any CPU.ActiveCfg = Release|Any CPU
		{B7A35355-ED5B-494C-9BB8-6EBA1155E60E}.Release|Any CPU.Build.0 = Release|Any CPU
		{B7A35355-ED5B-494C-9BB8-6EBA1155E60E}.Release|ARM.ActiveCfg = Release|Any CPU
		{B7A35355-ED5B-494C-9BB8-6EBA1155E60E}.Release|ARM.Build.0 = Release|Any CPU
		{B7A35355-ED5B-494C-9BB8-6EBA1155E60E}.Release|ARM64.ActiveCfg = Release|Any CPU
		{B7A35355-ED5B-494C-9BB8-6EBA1155E60E}.Release|ARM64.Build.0 = Release|Any CPU
		{B7A35355-ED5B-494C-9BB8-6EBA1155E60E}.Release|x64.ActiveCfg = Release|Any CPU
		{B7A35355-ED5B-494C-9BB8-6EBA1155E60E}.Release|x64.Build.0 = Release|Any CPU
		{B7A35355-ED5B-494C-9BB8-6EBA1155E60E}.Release|x86.ActiveCfg = Release|Any CPU
		{B7A35355-ED5B-494C-9BB8-6EBA1155E60E}.Release|x86.Build.0 = Release|Any CPU
	EndGlobalSection
	GlobalSection(SolutionProperties) = preSolution
		HideSolutionNode = FALSE
	EndGlobalSection
	GlobalSection(NestedProjects) = preSolution
		{DE27C3CE-E9E9-48D2-A4A1-5846E550462E} = {A96F98E9-18B5-4863-8F28-9B7BDF70A128}
		{35EF6F6B-3E8C-4A9E-BCD2-16CA5C2C2ADC} = {07337569-6CA9-4BB0-9C8F-962D981CB5F4}
		{DBB698F7-FB37-4514-82C2-DA3C71A4B92F} = {A96F98E9-18B5-4863-8F28-9B7BDF70A128}
		{A6E3D156-8F7F-4566-9931-DC76009E73FC} = {445FD5A2-621B-450B-B0AB-4B9A070ECC1E}
		{1413BB5F-D932-4C64-B7B4-2F253DDE36B2} = {445FD5A2-621B-450B-B0AB-4B9A070ECC1E}
		{7C68372B-A2EE-43DB-A6B1-EC0CA6471BA3} = {A96F98E9-18B5-4863-8F28-9B7BDF70A128}
		{3614991C-ECC0-474A-BC8E-1D0A56FD0BDE} = {A96F98E9-18B5-4863-8F28-9B7BDF70A128}
		{B13E16CB-55E0-42CB-B761-216D82273473} = {A96F98E9-18B5-4863-8F28-9B7BDF70A128}
		{936F7656-B5E8-44A8-8560-D954E1E68383} = {A96F98E9-18B5-4863-8F28-9B7BDF70A128}
		{6561632F-0B5A-4869-8C82-E05238326B32} = {07337569-6CA9-4BB0-9C8F-962D981CB5F4}
		{194059C8-5CBF-4548-8216-3D251CE43236} = {A96F98E9-18B5-4863-8F28-9B7BDF70A128}
		{F9951C10-6C42-4E5F-BAB2-381C17D4DE35} = {A96F98E9-18B5-4863-8F28-9B7BDF70A128}
		{84C80EA6-0F9C-49CF-AB66-5696CC888CA7} = {A96F98E9-18B5-4863-8F28-9B7BDF70A128}
		{AF682B4E-6A51-474A-8D80-0738A94C72FA} = {A96F98E9-18B5-4863-8F28-9B7BDF70A128}
		{B7A35355-ED5B-494C-9BB8-6EBA1155E60E} = {A96F98E9-18B5-4863-8F28-9B7BDF70A128}
	EndGlobalSection
	GlobalSection(ExtensibilityGlobals) = postSolution
		SolutionGuid = {6251E140-0FAA-4DE9-B245-1C5BE188E578}
	EndGlobalSection
EndGlobal
