<Solution>
  <Folder Name="/src/">
    <Project Path="src/PSADT.ClientServer.Client.Compatible/PSADT.ClientServer.Client.Compatible.csproj" />
    <Project Path="src/PSADT.ClientServer.Client.Launcher.Compatible/PSADT.ClientServer.Client.Launcher.Compatible.csproj" />
    <Project Path="src/PSADT.ClientServer.Client.Launcher/PSADT.ClientServer.Client.Launcher.csproj" />
    <Project Path="src/PSADT.ClientServer.Client/PSADT.ClientServer.Client.csproj" Id="5bf57848-1127-47f5-a64b-a82bc3389245" />
    <Project Path="src/PSADT.ClientServer.Server/PSADT.ClientServer.Server.csproj" Id="e6c50d7a-561d-4e51-8f05-f9ecdd0f53aa" />
    <Project Path="src/PSADT.CodeAnalysis/PSADT.CodeAnalysis.csproj" />
    <Project Path="src/PSADT.Interop/PSADT.Interop.csproj" />
    <Project Path="src/PSADT.PowerShellTestFixture/PSADT.PowerShellTestFixture.csproj" />
    <Project Path="src/PSADT.UserInterface.Interfaces.TestHarness/PSADT.UserInterface.Interfaces.TestHarness.csproj" />
    <Project Path="src/PSADT.UserInterface.Interfaces/PSADT.UserInterface.Interfaces.csproj" />
    <Project Path="src/PSADT.UserInterface/PSADT.UserInterface.csproj" />
    <Project Path="src/PSADT.WindowsRuntime.TrimHarness/PSADT.WindowsRuntime.TrimHarness.csproj" />
    <Project Path="src/PSADT.WindowsRuntime/PSADT.WindowsRuntime.csproj" />
    <Project Path="src/PSADT/PSADT.csproj" />
    <Project Path="src/PSAppDeployToolkit/PSAppDeployToolkit.csproj" />
  </Folder>
  <Folder Name="/tests/">
    <Project Path="tests/PSADT.ClientServer.Server.Tests/PSADT.ClientServer.Server.Tests.csproj" />
    <Project Path="tests/PSADT.CodeAnalysis.Tests/PSADT.CodeAnalysis.Tests.csproj" />
    <Project Path="tests/PSADT.Interop.Tests/PSADT.Interop.Tests.csproj" />
    <Project Path="tests/PSADT.Tests/PSADT.Tests.csproj" />
    <Project Path="tests/PSADT.UserInterface.Tests/PSADT.UserInterface.Tests.csproj" />
    <Project Path="tests/PSAppDeployToolkit.Tests/PSAppDeployToolkit.Tests.csproj" />
  </Folder>
  <Folder Name="/vendor/Fluence.Wpf/">
    <Project Path="vendor/Fluence.Wpf/Fluence.Wpf/Fluence.Wpf.csproj" />
  </Folder>
</Solution>
