
Microsoft Visual Studio Solution File, Format Version 12.00
# Visual Studio Version 17
VisualStudioVersion = 17.8.34525.116
MinimumVisualStudioVersion = 10.0.40219.1
Project("{9A19103F-16F7-4668-BE54-9A1E7A4F7556}") = "PSADT", "PSADT\PSADT.csproj", "{73AEBDB6-FED3-4C22-8565-AFACD3799B41}"
EndProject
Project("{8BC9CEB8-8B4A-11D0-8D11-00A0C91BC942}") = "PSADT.PowerShellDebugging", "PSADT.PowerShellDebugging\PSADT.PowerShellDebugging.vcxproj", "{6552C78C-D7BB-429C-8D45-D8A8BF693FCE}"
	ProjectSection(ProjectDependencies) = postProject
		{73AEBDB6-FED3-4C22-8565-AFACD3799B41} = {73AEBDB6-FED3-4C22-8565-AFACD3799B41}
	EndProjectSection
EndProject
Global
	GlobalSection(SolutionConfigurationPlatforms) = preSolution
		Debug|Any CPU = Debug|Any CPU
		Debug|x64 = Debug|x64
		Debug|x86 = Debug|x86
		Release|Any CPU = Release|Any CPU
		Release|x64 = Release|x64
		Release|x86 = Release|x86
	EndGlobalSection
	GlobalSection(ProjectConfigurationPlatforms) = postSolution
		{73AEBDB6-FED3-4C22-8565-AFACD3799B41}.Debug|Any CPU.ActiveCfg = Debug|Any CPU
		{73AEBDB6-FED3-4C22-8565-AFACD3799B41}.Debug|Any CPU.Build.0 = Debug|Any CPU
		{73AEBDB6-FED3-4C22-8565-AFACD3799B41}.Debug|x64.ActiveCfg = Debug|Any CPU
		{73AEBDB6-FED3-4C22-8565-AFACD3799B41}.Debug|x64.Build.0 = Debug|Any CPU
		{73AEBDB6-FED3-4C22-8565-AFACD3799B41}.Debug|x86.ActiveCfg = Debug|Any CPU
		{73AEBDB6-FED3-4C22-8565-AFACD3799B41}.Debug|x86.Build.0 = Debug|Any CPU
		{73AEBDB6-FED3-4C22-8565-AFACD3799B41}.Release|Any CPU.ActiveCfg = Release|Any CPU
		{73AEBDB6-FED3-4C22-8565-AFACD3799B41}.Release|Any CPU.Build.0 = Release|Any CPU
		{73AEBDB6-FED3-4C22-8565-AFACD3799B41}.Release|x64.ActiveCfg = Release|Any CPU
		{73AEBDB6-FED3-4C22-8565-AFACD3799B41}.Release|x64.Build.0 = Release|Any CPU
		{73AEBDB6-FED3-4C22-8565-AFACD3799B41}.Release|x86.ActiveCfg = Release|Any CPU
		{73AEBDB6-FED3-4C22-8565-AFACD3799B41}.Release|x86.Build.0 = Release|Any CPU
		{6552C78C-D7BB-429C-8D45-D8A8BF693FCE}.Debug|Any CPU.ActiveCfg = Debug|x64
		{6552C78C-D7BB-429C-8D45-D8A8BF693FCE}.Debug|x64.ActiveCfg = Debug|x64
		{6552C78C-D7BB-429C-8D45-D8A8BF693FCE}.Debug|x64.Build.0 = Debug|x64
		{6552C78C-D7BB-429C-8D45-D8A8BF693FCE}.Debug|x86.ActiveCfg = Debug|Win32
		{6552C78C-D7BB-429C-8D45-D8A8BF693FCE}.Debug|x86.Build.0 = Debug|Win32
		{6552C78C-D7BB-429C-8D45-D8A8BF693FCE}.Release|Any CPU.ActiveCfg = Release|x64
		{6552C78C-D7BB-429C-8D45-D8A8BF693FCE}.Release|Any CPU.Build.0 = Release|x64
		{6552C78C-D7BB-429C-8D45-D8A8BF693FCE}.Release|x64.ActiveCfg = Release|x64
		{6552C78C-D7BB-429C-8D45-D8A8BF693FCE}.Release|x64.Build.0 = Release|x64
		{6552C78C-D7BB-429C-8D45-D8A8BF693FCE}.Release|x86.ActiveCfg = Release|Win32
		{6552C78C-D7BB-429C-8D45-D8A8BF693FCE}.Release|x86.Build.0 = Release|Win32
	EndGlobalSection
	GlobalSection(SolutionProperties) = preSolution
		HideSolutionNode = FALSE
	EndGlobalSection
	GlobalSection(ExtensibilityGlobals) = postSolution
		SolutionGuid = {874B4BAF-2FB7-4B3A-BBBE-18E91AAA3A11}
	EndGlobalSection
EndGlobal
