{
  "version": 2,
  "dependencies": {
    ".NETFramework,Version=v4.7.2": {
      "Meziantou.Analyzer": {
        "type": "Direct",
        "requested": "[3.0.270, )",
        "resolved": "3.0.270",
        "contentHash": "E2OnRZmSZ3ZLhhFj0q/En47RhWrmLEVtsRsNZIW12ecQLT9y4Wimo+A8x/kuhtzLlePJ9yPp7aPiSQx8a8H5mw=="
      },
      "Meziantou.Polyfill": {
        "type": "Direct",
        "requested": "[1.0.165, )",
        "resolved": "1.0.165",
        "contentHash": "u9G8kjxS76T2Uve2r8t1kp7Kmexkx0knswAp+Pxcz1abqkzOfuk9ka54rRJInsG77v2S2cI+OVIVUOAh1X/OPA=="
      },
      "Microsoft.CodeAnalysis.BannedApiAnalyzers": {
        "type": "Direct",
        "requested": "[5.6.0, )",
        "resolved": "5.6.0",
        "contentHash": "Kcobt3pnOdO0A+6CKiMHZdTEluJpsfxiV20axtZdmfBQnDmiWTKPJADlgAfdTuKNAnVarrkJa0UEGwuOo91muw=="
      },
      "Microsoft.Extensions.StaticAnalysis": {
        "type": "Direct",
        "requested": "[10.10.0, )",
        "resolved": "10.10.0",
        "contentHash": "MnUBTyalxH+t/6n/Kt6nuYGVFfJY9eGtBZ5P2gQNx2yRtPCec/jeiN+PCm16zpl+q3mdf/xEqoO/J3KBioMRCQ==",
        "dependencies": {
          "Microsoft.VisualStudio.Threading.Analyzers": "17.14.15",
          "SonarAnalyzer.CSharp": "10.16.0.128591"
        }
      },
      "Microsoft.NETFramework.ReferenceAssemblies": {
        "type": "Direct",
        "requested": "[1.0.3, )",
        "resolved": "1.0.3",
        "contentHash": "vUc9Npcs14QsyOD01tnv/m8sQUnGTGOw1BCmKcv77LBJY7OxhJ+zJF7UD/sCL3lYNFuqmQEVlkfS4Quif6FyYg==",
        "dependencies": {
          "Microsoft.NETFramework.ReferenceAssemblies.net472": "1.0.3"
        }
      },
      "Microsoft.Windows.CsWin32": {
        "type": "Direct",
        "requested": "[0.3.335, )",
        "resolved": "0.3.335",
        "contentHash": "gzkl9xgrYFqPBQgad1c7T45XfiS18z0Qbxsxx+8/tYDQ9AJ0zMTVpdA5v0ilSi+7ePLf84aDUpMYitkwWlrnlg==",
        "dependencies": {
          "Microsoft.Windows.SDK.Win32Docs": "0.1.42-alpha",
          "Microsoft.Windows.SDK.Win32Metadata": "71.0.14-preview",
          "Microsoft.Windows.WDK.Win32Metadata": "0.13.25-experimental"
        }
      },
      "Roslynator.Analyzers": {
        "type": "Direct",
        "requested": "[5.0.0, )",
        "resolved": "5.0.0",
        "contentHash": "+J5kR/naCd62IwY2BG9P0QoHnJM8liBUFFAk6jga1t9s61JC3M+ofb3AY3wc73/pdROyKFCURqctQh8WRCIT/w=="
      },
      "Microsoft.NETFramework.ReferenceAssemblies.net472": {
        "type": "Transitive",
        "resolved": "1.0.3",
        "contentHash": "0E7evZXHXaDYYiLRfpyXvCh+yzM2rNTyuZDI+ZO7UUqSc6GfjePiXTdqJGtgIKUwdI81tzQKmaWprnUiPj9hAw=="
      },
      "Microsoft.VisualStudio.Threading.Analyzers": {
        "type": "Transitive",
        "resolved": "17.14.15",
        "contentHash": "mXQPJsbuUD2ydq4/ffd8h8tSOFCXec+2xJOVNCvXjuMOq/+5EKHq3D2m2MC2+nUaXeFMSt66VS/J4HdKBixgcw=="
      },
      "Microsoft.Windows.SDK.Win32Docs": {
        "type": "Transitive",
        "resolved": "0.1.42-alpha",
        "contentHash": "Z/9po23gUA9aoukirh2ItMU2ZS9++Js9Gdds9fu5yuMojDrmArvY2y+tq9985tR3cxFxpZO1O35Wjfo0khj5HA=="
      },
      "Microsoft.Windows.SDK.Win32Metadata": {
        "type": "Transitive",
        "resolved": "71.0.14-preview",
        "contentHash": "39I8YpjHYJF7Qncztn6+cu15Ti35myn5QQnLZwN6AngBsfaU1l3Nsxvt2087AlExLxg5a/llFIRSeahK7GW/Dw=="
      },
      "Microsoft.Windows.WDK.Win32Metadata": {
        "type": "Transitive",
        "resolved": "0.13.25-experimental",
        "contentHash": "IM50tb/+UIwBr9FMr6ZKcZjCMW+Axo6NjGqKxgjUfyCY8dRnYUfrJEXxAaXoWtYP4X8EmASmC1Jtwh4XucseZg==",
        "dependencies": {
          "Microsoft.Windows.SDK.Win32Metadata": "63.0.31-preview"
        }
      },
      "SonarAnalyzer.CSharp": {
        "type": "Transitive",
        "resolved": "10.16.0.128591",
        "contentHash": "W/jZGbsMFvnTY112Ab2WZArzWtkGQuMrQdromFpDak+GO/DKcgn4O2tTun/fQgDBpnQJOyyTdzQrQPzPJ544jg=="
      }
    },
    ".NETFramework,Version=v4.7.2/win-x64": {}
  }
}