{
  "version": 2,
  "dependencies": {
    "net8.0-windows10.0.22621": {
      "Meziantou.Analyzer": {
        "type": "Direct",
        "requested": "[3.0.166, )",
        "resolved": "3.0.166",
        "contentHash": "OyodWHnx46I9Gt9REZ51y/QEhZUxX5/1yIksIwrQSHmSyihBaC3pgv5wdlykO+dSPU9L/BbPpgUlkGJOfNa4Fg=="
      },
      "Microsoft.CodeAnalysis.BannedApiAnalyzers": {
        "type": "Direct",
        "requested": "[5.6.0, )",
        "resolved": "5.6.0",
        "contentHash": "Kcobt3pnOdO0A+6CKiMHZdTEluJpsfxiV20axtZdmfBQnDmiWTKPJADlgAfdTuKNAnVarrkJa0UEGwuOo91muw=="
      },
      "Microsoft.Extensions.StaticAnalysis": {
        "type": "Direct",
        "requested": "[10.9.0, )",
        "resolved": "10.9.0",
        "contentHash": "nr/qlyyeJI+NTEQ9DbWBwK0bZcmztw9N6lIwhKlANaZLH/LGf5G1T2kgOcPyE/w9viYu/+54gq/J8p8zpbKyAg==",
        "dependencies": {
          "Microsoft.VisualStudio.Threading.Analyzers": "17.14.15",
          "SonarAnalyzer.CSharp": "10.16.0.128591"
        }
      },
      "Microsoft.NET.ILLink.Tasks": {
        "type": "Direct",
        "requested": "[8.0.30, )",
        "resolved": "8.0.30",
        "contentHash": "SfmwuZjUPBTEoBMAsXZ/hWkaEK9oL+Y/UtAx7N6RyWHfcMt9J0ExrNPuOgTyPbCXIyiTBFsxFNrPLEZNPmJcvA=="
      },
      "Roslynator.Analyzers": {
        "type": "Direct",
        "requested": "[4.16.1, )",
        "resolved": "4.16.1",
        "contentHash": "AGzq3UZvIwTGSh9xyIna+Q9F666S8UaLlX/Pk3Iz21qIAWjL8iYporVCcX1k/oi5chrRZ8VJRahup4me4HZptw=="
      },
      "Microsoft.VisualStudio.Threading.Analyzers": {
        "type": "Transitive",
        "resolved": "17.14.15",
        "contentHash": "mXQPJsbuUD2ydq4/ffd8h8tSOFCXec+2xJOVNCvXjuMOq/+5EKHq3D2m2MC2+nUaXeFMSt66VS/J4HdKBixgcw=="
      },
      "SonarAnalyzer.CSharp": {
        "type": "Transitive",
        "resolved": "10.16.0.128591",
        "contentHash": "W/jZGbsMFvnTY112Ab2WZArzWtkGQuMrQdromFpDak+GO/DKcgn4O2tTun/fQgDBpnQJOyyTdzQrQPzPJ544jg=="
      },
      "psadt.interop": {
        "type": "Project",
        "dependencies": {
          "System.Linq.AsyncEnumerable": "[10.0.5, 10.0.6)"
        }
      },
      "psadt.windowsruntime": {
        "type": "Project",
        "dependencies": {
          "PSADT.Interop": "[1.0.0, )"
        }
      },
      "System.Linq.AsyncEnumerable": {
        "type": "CentralTransitive",
        "requested": "[10.0.5, 10.0.6)",
        "resolved": "10.0.5",
        "contentHash": "00y94lP/SeWF5VMb8GlG3iwLyl7abEofwN+Bke1LKEkvsB8dEtr/pDtn4EWQYkvg49UwGJN+JSCE1gKhPIT0cQ=="
      }
    },
    "net8.0-windows10.0.22621/win-x64": {}
  }
}