
Microsoft Visual Studio Solution File, Format Version 12.00
# Visual Studio 2013
VisualStudioVersion = 12.0.31101.0
MinimumVisualStudioVersion = 10.0.40219.1
Project("{F184B08F-C81C-45F6-A57F-5ABD9991F28F}") = "Deploy-Application", "Deploy-Application.vbproj", "{B1C25116-76D3-4FE1-BAF1-DA41C38D1DC1}"
EndProject
Global
	GlobalSection(SolutionConfigurationPlatforms) = preSolution
		Debug|Any CPU = Debug|Any CPU
		Release|Any CPU = Release|Any CPU
	EndGlobalSection
	GlobalSection(ProjectConfigurationPlatforms) = postSolution
		{B1C25116-76D3-4FE1-BAF1-DA41C38D1DC1}.Debug|Any CPU.ActiveCfg = Debug|Any CPU
		{B1C25116-76D3-4FE1-BAF1-DA41C38D1DC1}.Debug|Any CPU.Build.0 = Debug|Any CPU
		{B1C25116-76D3-4FE1-BAF1-DA41C38D1DC1}.Release|Any CPU.ActiveCfg = Release|Any CPU
		{B1C25116-76D3-4FE1-BAF1-DA41C38D1DC1}.Release|Any CPU.Build.0 = Release|Any CPU
	EndGlobalSection
	GlobalSection(SolutionProperties) = preSolution
		HideSolutionNode = FALSE
	EndGlobalSection
EndGlobal
